%{
  "bandit": {:hex, :bandit, "1.0.0-pre.3", "b3904684a6d9ffa22bd5c3ad38608e8517a0a804edb637768dbdbbd91dcd4a8d", [:mix], [{:hpax, "~> 0.1.1", [hex: :hpax, repo: "hexpm", optional: false]}, {:plug, "~> 1.14", [hex: :plug, repo: "hexpm", optional: false]}, {:telemetry, "~> 0.4 or ~> 1.0", [hex: :telemetry, repo: "hexpm", optional: false]}, {:thousand_island, "~> 1.0-pre", [hex: :thousand_island, repo: "hexpm", optional: false]}, {:websock, "~> 0.5", [hex: :websock, repo: "hexpm", optional: false]}], "hexpm", "5a0dc40bfc9d8e879d512d71bb46d1abe8df3a1abbbb919db88dfbddac503ba1"},
  "cc_precompiler": {:hex, :cc_precompiler, "0.1.7", "77de20ac77f0e53f20ca82c563520af0237c301a1ec3ab3bc598e8a96c7ee5d9", [:mix], [{:elixir_make, "~> 0.7.3", [hex: :elixir_make, repo: "hexpm", optional: false]}], "hexpm", "2768b28bf3c2b4f788c995576b39b8cb5d47eb788526d93bd52206c1d8bf4b75"},
  "db_connection": {:hex, :db_connection, "2.5.0", "bb6d4f30d35ded97b29fe80d8bd6f928a1912ca1ff110831edcd238a1973652c", [:mix], [{:telemetry, "~> 0.4 or ~> 1.0", [hex: :telemetry, repo: "hexpm", optional: false]}], "hexpm", "c92d5ba26cd69ead1ff7582dbb860adeedfff39774105a4f1c92cbb654b55aa2"},
  "decimal": {:hex, :decimal, "2.1.1", "5611dca5d4b2c3dd497dec8f68751f1f1a54755e8ed2a966c2633cf885973ad6", [:mix], [], "hexpm", "53cfe5f497ed0e7771ae1a475575603d77425099ba5faef9394932b35020ffcc"},
  "dotenv": {:hex, :dotenv, "3.0.0", "52a28976955070d8312a81d59105b57ecf5d6a755c728b49c70a7e2120e6cb40", [:mix], [], "hexpm", "f8a7d800b6b419a8d8a8bc5b5cd820a181c2b713aab7621794febe934f7bd84e"},
  "ecto": {:hex, :ecto, "3.10.1", "c6757101880e90acc6125b095853176a02da8f1afe056f91f1f90b80c9389822", [:mix], [{:decimal, "~> 1.6 or ~> 2.0", [hex: :decimal, repo: "hexpm", optional: false]}, {:jason, "~> 1.0", [hex: :jason, repo: "hexpm", optional: true]}, {:telemetry, "~> 0.4 or ~> 1.0", [hex: :telemetry, repo: "hexpm", optional: false]}], "hexpm", "d2ac4255f1601bdf7ac74c0ed971102c6829dc158719b94bd30041bbad77f87a"},
  "ecto_sql": {:hex, :ecto_sql, "3.10.1", "6ea6b3036a0b0ca94c2a02613fd9f742614b5cfe494c41af2e6571bb034dd94c", [:mix], [{:db_connection, "~> 2.4.1 or ~> 2.5", [hex: :db_connection, repo: "hexpm", optional: false]}, {:ecto, "~> 3.10.0", [hex: :ecto, repo: "hexpm", optional: false]}, {:myxql, "~> 0.6.0", [hex: :myxql, repo: "hexpm", optional: true]}, {:postgrex, "~> 0.16.0 or ~> 0.17.0 or ~> 1.0", [hex: :postgrex, repo: "hexpm", optional: true]}, {:tds, "~> 2.1.1 or ~> 2.2", [hex: :tds, repo: "hexpm", optional: true]}, {:telemetry, "~> 0.4.0 or ~> 1.0", [hex: :telemetry, repo: "hexpm", optional: false]}], "hexpm", "f6a25bdbbd695f12c8171eaff0851fa4c8e72eec1e98c7364402dda9ce11c56b"},
  "ecto_sqlite3": {:hex, :ecto_sqlite3, "0.10.1", "a7ec7a946e3714fc418e8a4293bd5b62bfce2b2f7bb6ef7199c206e005dd7373", [:mix], [{:decimal, "~> 1.6 or ~> 2.0", [hex: :decimal, repo: "hexpm", optional: false]}, {:ecto, "~> 3.10", [hex: :ecto, repo: "hexpm", optional: false]}, {:ecto_sql, "~> 3.10", [hex: :ecto_sql, repo: "hexpm", optional: false]}, {:exqlite, "~> 0.9", [hex: :exqlite, repo: "hexpm", optional: false]}], "hexpm", "9a6af8b3e48a29b0a60df1b49bc045afed90329cac8d850161a3e7d7d1be786d"},
  "elixir_make": {:hex, :elixir_make, "0.7.6", "67716309dc5d43e16b5abbd00c01b8df6a0c2ab54a8f595468035a50189f9169", [:mix], [{:castore, "~> 0.1 or ~> 1.0", [hex: :castore, repo: "hexpm", optional: true]}], "hexpm", "5a0569756b0f7873a77687800c164cca6dfc03a09418e6fcf853d78991f49940"},
  "exqlite": {:hex, :exqlite, "0.13.10", "9cddd9b8764b77232d15d83752832cf96ea1066308547346e1e474a93b026810", [:make, :mix], [{:cc_precompiler, "~> 0.1", [hex: :cc_precompiler, repo: "hexpm", optional: false]}, {:db_connection, "~> 2.1", [hex: :db_connection, repo: "hexpm", optional: false]}, {:elixir_make, "~> 0.7", [hex: :elixir_make, repo: "hexpm", optional: false]}, {:table, "~> 0.1.0", [hex: :table, repo: "hexpm", optional: true]}], "hexpm", "8c688793efbfabd463a2af5b6f4c8ddd35278e402c07e165ee5a52a788aa67ea"},
  "file_system": {:hex, :file_system, "0.2.10", "fb082005a9cd1711c05b5248710f8826b02d7d1784e7c3451f9c1231d4fc162d", [:mix], [], "hexpm", "41195edbfb562a593726eda3b3e8b103a309b733ad25f3d642ba49696bf715dc"},
  "hpax": {:hex, :hpax, "0.1.2", "09a75600d9d8bbd064cdd741f21fc06fc1f4cf3d0fcc335e5aa19be1a7235c84", [:mix], [], "hexpm", "2c87843d5a23f5f16748ebe77969880e29809580efdaccd615cd3bed628a8c13"},
  "jason": {:hex, :jason, "1.4.0", "e855647bc964a44e2f67df589ccf49105ae039d4179db7f6271dfd3843dc27e6", [:mix], [{:decimal, "~> 1.0 or ~> 2.0", [hex: :decimal, repo: "hexpm", optional: true]}], "hexpm", "79a3791085b2a0f743ca04cec0f7be26443738779d09302e01318f97bdb82121"},
  "lettuce": {:hex, :lettuce, "0.2.0", "00c328fcf445723a52d8e2ad696105074ab2a152f067e14d771f1b4cec7bc377", [:mix], [], "hexpm", "2e1cbfcf03ee9fe7087e7af590dec4be603c8a4f1240b42dbc43d4047862e72d"},
  "mime": {:hex, :mime, "2.0.3", "3676436d3d1f7b81b5a2d2bd8405f412c677558c81b1c92be58c00562bb59095", [:mix], [], "hexpm", "27a30bf0db44d25eecba73755acf4068cbfe26a4372f9eb3e4ea3a45956bff6b"},
  "mix_test_watch": {:hex, :mix_test_watch, "1.1.0", "330bb91c8ed271fe408c42d07e0773340a7938d8a0d281d57a14243eae9dc8c3", [:mix], [{:file_system, "~> 0.2.1 or ~> 0.3", [hex: :file_system, repo: "hexpm", optional: false]}], "hexpm", "52b6b1c476cbb70fd899ca5394506482f12e5f6b0d6acff9df95c7f1e0812ec3"},
  "mox": {:hex, :mox, "1.0.2", "dc2057289ac478b35760ba74165b4b3f402f68803dd5aecd3bfd19c183815d64", [:mix], [], "hexpm", "f9864921b3aaf763c8741b5b8e6f908f44566f1e427b2630e89e9a73b981fef2"},
  "plug": {:hex, :plug, "1.14.2", "cff7d4ec45b4ae176a227acd94a7ab536d9b37b942c8e8fa6dfc0fff98ff4d80", [:mix], [{:mime, "~> 1.0 or ~> 2.0", [hex: :mime, repo: "hexpm", optional: false]}, {:plug_crypto, "~> 1.1.1 or ~> 1.2", [hex: :plug_crypto, repo: "hexpm", optional: false]}, {:telemetry, "~> 0.4.3 or ~> 1.0", [hex: :telemetry, repo: "hexpm", optional: false]}], "hexpm", "842fc50187e13cf4ac3b253d47d9474ed6c296a8732752835ce4a86acdf68d13"},
  "plug_crypto": {:hex, :plug_crypto, "1.2.5", "918772575e48e81e455818229bf719d4ab4181fcbf7f85b68a35620f78d89ced", [:mix], [], "hexpm", "26549a1d6345e2172eb1c233866756ae44a9609bd33ee6f99147ab3fd87fd842"},
  "poison": {:hex, :poison, "5.0.0", "d2b54589ab4157bbb82ec2050757779bfed724463a544b6e20d79855a9e43b24", [:mix], [{:decimal, "~> 2.0", [hex: :decimal, repo: "hexpm", optional: true]}], "hexpm", "11dc6117c501b80c62a7594f941d043982a1bd05a1184280c0d9166eb4d8d3fc"},
  "postgrex": {:hex, :postgrex, "0.17.1", "01c29fd1205940ee55f7addb8f1dc25618ca63a8817e56fac4f6846fc2cddcbe", [:mix], [{:db_connection, "~> 2.1", [hex: :db_connection, repo: "hexpm", optional: false]}, {:decimal, "~> 1.5 or ~> 2.0", [hex: :decimal, repo: "hexpm", optional: false]}, {:jason, "~> 1.0", [hex: :jason, repo: "hexpm", optional: true]}, {:table, "~> 0.1.0", [hex: :table, repo: "hexpm", optional: true]}], "hexpm", "14b057b488e73be2beee508fb1955d8db90d6485c6466428fe9ccf1d6692a555"},
  "surrealdb_ex": {:hex, :surrealdb_ex, "0.0.1", "ae134ff4cc1e8719a77e749a009b97e9ac65bbc923363c528642475e4d6f639c", [:mix], [{:jason, "~> 1.4", [hex: :jason, repo: "hexpm", optional: false]}, {:websockex, "~> 0.4.3", [hex: :websockex, repo: "hexpm", optional: false]}], "hexpm", "63fa15613fb44cea0e463e24b7c032b511a30b35ce818ddb8040a4e14af6bb28"},
  "telemetry": {:hex, :telemetry, "1.2.1", "68fdfe8d8f05a8428483a97d7aab2f268aaff24b49e0f599faa091f1d4e7f61c", [:rebar3], [], "hexpm", "dad9ce9d8effc621708f99eac538ef1cbe05d6a874dd741de2e689c47feafed5"},
  "thousand_island": {:hex, :thousand_island, "1.0.0-pre.2", "ea533f7aa0d838d119070071c06a79791d5a462c25af9c5d7c2dbc643aba1b43", [:mix], [{:telemetry, "~> 0.4 or ~> 1.0", [hex: :telemetry, repo: "hexpm", optional: false]}], "hexpm", "47498cc4066c7ce8bd5a4333d39011cab08d7cf75d1e3aeb2e4e6a42d4fc35d7"},
  "websock": {:hex, :websock, "0.5.1", "c496036ce95bc26d08ba086b2a827b212c67e7cabaa1c06473cd26b40ed8cf10", [:mix], [], "hexpm", "b9f785108b81cd457b06e5f5dabe5f65453d86a99118b2c0a515e1e296dc2d2c"},
  "websockex": {:hex, :websockex, "0.4.3", "92b7905769c79c6480c02daacaca2ddd49de936d912976a4d3c923723b647bf0", [:mix], [], "hexpm", "95f2e7072b85a3a4cc385602d42115b73ce0b74a9121d0d6dbbf557645ac53e4"},
}
